
Microsoft Visual Studio Solution File, Format Version 12.00
# Visual Studio Version 17
VisualStudioVersion = 17.5.002.0
MinimumVisualStudioVersion = 10.0.40219.1
Project("{9A19103F-16F7-4668-BE54-9A1E7A4F7556}") = "LongRunningJob.API", "LongRunningJob.API\LongRunningJob.API.csproj", "{DB2276CF-2A08-4E18-A701-8D26BB52AA7C}"
EndProject
Project("{9A19103F-16F7-4668-BE54-9A1E7A4F7556}") = "LongRunningJob.API.Tests", "LongRunningJob.API.Tests\LongRunningJob.API.Tests.csproj", "{C2CC57E0-3D08-4536-9036-AB60DCA5796A}"
EndProject
Global
	GlobalSection(SolutionConfigurationPlatforms) = preSolution
		Debug|Any CPU = Debug|Any CPU
		Release|Any CPU = Release|Any CPU
	EndGlobalSection
	GlobalSection(ProjectConfigurationPlatforms) = postSolution
		{DB2276CF-2A08-4E18-A701-8D26BB52AA7C}.Debug|Any CPU.ActiveCfg = Debug|Any CPU
		{DB2276CF-2A08-4E18-A701-8D26BB52AA7C}.Debug|Any CPU.Build.0 = Debug|Any CPU
		{DB2276CF-2A08-4E18-A701-8D26BB52AA7C}.Release|Any CPU.ActiveCfg = Release|Any CPU
		{DB2276CF-2A08-4E18-A701-8D26BB52AA7C}.Release|Any CPU.Build.0 = Release|Any CPU
		{C2CC57E0-3D08-4536-9036-AB60DCA5796A}.Debug|Any CPU.ActiveCfg = Debug|Any CPU
		{C2CC57E0-3D08-4536-9036-AB60DCA5796A}.Debug|Any CPU.Build.0 = Debug|Any CPU
		{C2CC57E0-3D08-4536-9036-AB60DCA5796A}.Release|Any CPU.ActiveCfg = Release|Any CPU
		{C2CC57E0-3D08-4536-9036-AB60DCA5796A}.Release|Any CPU.Build.0 = Release|Any CPU
	EndGlobalSection
	GlobalSection(SolutionProperties) = preSolution
		HideSolutionNode = FALSE
	EndGlobalSection
	GlobalSection(ExtensibilityGlobals) = postSolution
		SolutionGuid = {69345D14-3F0E-4ECB-AC45-3E72E1976908}
	EndGlobalSection
EndGlobal
